// !$*UTF8*$!
{
	archiveVersion = 1;
	classes = {
	};
	objectVersion = 46;
	objects = {

/* Begin PBXBuildFile section */
		5245ADB11AEB1661007A2DA1 /* UIBezierPath+LogoShape.m in Sources */ = {isa = PBXBuildFile; fileRef = 5245ADB01AEB1661007A2DA1 /* UIBezierPath+LogoShape.m */; };
		5245ADB31AEB1802007A2DA1 /* twitterscreen.jpg in Resources */ = {isa = PBXBuildFile; fileRef = 5245ADB21AEB1802007A2DA1 /* twitterscreen.jpg */; };
		5252DC9B1AEA81B700CB29CE /* libMSTwitterSplashScreen.a in Frameworks */ = {isa = PBXBuildFile; fileRef = 5252DC8F1AEA81B700CB29CE /* libMSTwitterSplashScreen.a */; };
		5252DCAE1AEA822500CB29CE /* MSTwitterSplashScreen.m in Sources */ = {isa = PBXBuildFile; fileRef = 5252DCAD1AEA822500CB29CE /* MSTwitterSplashScreen.m */; };
		5277CBBA1AEAB52A001F2E3D /* main.m in Sources */ = {isa = PBXBuildFile; fileRef = 5277CBB91AEAB52A001F2E3D /* main.m */; };
		5277CBBD1AEAB52A001F2E3D /* AppDelegate.m in Sources */ = {isa = PBXBuildFile; fileRef = 5277CBBC1AEAB52A001F2E3D /* AppDelegate.m */; };
		5277CBC01AEAB52A001F2E3D /* MSTwitterSplashViewController.m in Sources */ = {isa = PBXBuildFile; fileRef = 5277CBBF1AEAB52A001F2E3D /* MSTwitterSplashViewController.m */; };
		5277CBC51AEAB52A001F2E3D /* Images.xcassets in Resources */ = {isa = PBXBuildFile; fileRef = 5277CBC41AEAB52A001F2E3D /* Images.xcassets */; };
		5277CBD41AEAB52A001F2E3D /* MSTwitterSplashScreenExampleTests.m in Sources */ = {isa = PBXBuildFile; fileRef = 5277CBD31AEAB52A001F2E3D /* MSTwitterSplashScreenExampleTests.m */; };
		5277CBE01AEAB6EB001F2E3D /* LaunchScreen.xib in Resources */ = {isa = PBXBuildFile; fileRef = 5277CBDE1AEAB6EB001F2E3D /* LaunchScreen.xib */; };
		5277CBE11AEAB6EB001F2E3D /* Main.storyboard in Resources */ = {isa = PBXBuildFile; fileRef = 5277CBDF1AEAB6EB001F2E3D /* Main.storyboard */; };
		5277CBE61AEAE0C3001F2E3D /* CoreGraphics.framework in Frameworks */ = {isa = PBXBuildFile; fileRef = 5277CBE51AEAE0C3001F2E3D /* CoreGraphics.framework */; };
		5277CBE81AEAE0CD001F2E3D /* UIKit.framework in Frameworks */ = {isa = PBXBuildFile; fileRef = 5277CBE71AEAE0CD001F2E3D /* UIKit.framework */; };
		5277CBEA1AEAE0D8001F2E3D /* Foundation.framework in Frameworks */ = {isa = PBXBuildFile; fileRef = 5277CBE91AEAE0D8001F2E3D /* Foundation.framework */; };
		5277CBEC1AEAE1D5001F2E3D /* libMSTwitterSplashScreen.a in Frameworks */ = {isa = PBXBuildFile; fileRef = 5252DC8F1AEA81B700CB29CE /* libMSTwitterSplashScreen.a */; };
/* End PBXBuildFile section */

/* Begin PBXContainerItemProxy section */
		5252DC9C1AEA81B700CB29CE /* PBXContainerItemProxy */ = {
			isa = PBXContainerItemProxy;
			containerPortal = 5252DC871AEA81B700CB29CE /* Project object */;
			proxyType = 1;
			remoteGlobalIDString = 5252DC8E1AEA81B700CB29CE;
			remoteInfo = MSTwitterSplashScreen;
		};
		5277CBCE1AEAB52A001F2E3D /* PBXContainerItemProxy */ = {
			isa = PBXContainerItemProxy;
			containerPortal = 5252DC871AEA81B700CB29CE /* Project object */;
			proxyType = 1;
			remoteGlobalIDString = 5277CBB41AEAB52A001F2E3D;
			remoteInfo = MSTwitterSplashScreenExample;
		};
/* End PBXContainerItemProxy section */

/* Begin PBXCopyFilesBuildPhase section */
		5252DC8D1AEA81B700CB29CE /* CopyFiles */ = {
			isa = PBXCopyFilesBuildPhase;
			buildActionMask = 2147483647;
			dstPath = "include/$(PRODUCT_NAME)";
			dstSubfolderSpec = 16;
			files = (
			);
			runOnlyForDeploymentPostprocessing = 0;
		};
/* End PBXCopyFilesBuildPhase section */

/* Begin PBXFileReference section */
		5245ADAF1AEB1661007A2DA1 /* UIBezierPath+LogoShape.h */ = {isa = PBXFileReference; fileEncoding = 4; lastKnownFileType = sourcecode.c.h; path = "UIBezierPath+LogoShape.h"; sourceTree = "<group>"; };
		5245ADB01AEB1661007A2DA1 /* UIBezierPath+LogoShape.m */ = {isa = PBXFileReference; fileEncoding = 4; lastKnownFileType = sourcecode.c.objc; path = "UIBezierPath+LogoShape.m"; sourceTree = "<group>"; };
		5245ADB21AEB1802007A2DA1 /* twitterscreen.jpg */ = {isa = PBXFileReference; lastKnownFileType = image.jpeg; path = twitterscreen.jpg; sourceTree = "<group>"; };
		5252DC8F1AEA81B700CB29CE /* libMSTwitterSplashScreen.a */ = {isa = PBXFileReference; explicitFileType = archive.ar; includeInIndex = 0; path = libMSTwitterSplashScreen.a; sourceTree = BUILT_PRODUCTS_DIR; };
		5252DC9A1AEA81B700CB29CE /* MSTwitterSplashScreenTests.xctest */ = {isa = PBXFileReference; explicitFileType = wrapper.cfbundle; includeInIndex = 0; path = MSTwitterSplashScreenTests.xctest; sourceTree = BUILT_PRODUCTS_DIR; };
		5252DCA01AEA81B700CB29CE /* Info.plist */ = {isa = PBXFileReference; lastKnownFileType = text.plist.xml; path = Info.plist; sourceTree = "<group>"; };
		5252DCAC1AEA822500CB29CE /* MSTwitterSplashScreen.h */ = {isa = PBXFileReference; fileEncoding = 4; lastKnownFileType = sourcecode.c.h; path = MSTwitterSplashScreen.h; sourceTree = "<group>"; };
		5252DCAD1AEA822500CB29CE /* MSTwitterSplashScreen.m */ = {isa = PBXFileReference; fileEncoding = 4; lastKnownFileType = sourcecode.c.objc; path = MSTwitterSplashScreen.m; sourceTree = "<group>"; };
		5277CBB51AEAB52A001F2E3D /* MSTwitterSplashScreenExample.app */ = {isa = PBXFileReference; explicitFileType = wrapper.application; includeInIndex = 0; path = MSTwitterSplashScreenExample.app; sourceTree = BUILT_PRODUCTS_DIR; };
		5277CBB81AEAB52A001F2E3D /* Info.plist */ = {isa = PBXFileReference; lastKnownFileType = text.plist.xml; path = Info.plist; sourceTree = "<group>"; };
		5277CBB91AEAB52A001F2E3D /* main.m */ = {isa = PBXFileReference; lastKnownFileType = sourcecode.c.objc; path = main.m; sourceTree = "<group>"; };
		5277CBBB1AEAB52A001F2E3D /* AppDelegate.h */ = {isa = PBXFileReference; lastKnownFileType = sourcecode.c.h; path = AppDelegate.h; sourceTree = "<group>"; };
		5277CBBC1AEAB52A001F2E3D /* AppDelegate.m */ = {isa = PBXFileReference; lastKnownFileType = sourcecode.c.objc; path = AppDelegate.m; sourceTree = "<group>"; };
		5277CBBE1AEAB52A001F2E3D /* MSTwitterSplashViewController.h */ = {isa = PBXFileReference; lastKnownFileType = sourcecode.c.h; path = MSTwitterSplashViewController.h; sourceTree = "<group>"; };
		5277CBBF1AEAB52A001F2E3D /* MSTwitterSplashViewController.m */ = {isa = PBXFileReference; lastKnownFileType = sourcecode.c.objc; path = MSTwitterSplashViewController.m; sourceTree = "<group>"; };
		5277CBC41AEAB52A001F2E3D /* Images.xcassets */ = {isa = PBXFileReference; lastKnownFileType = folder.assetcatalog; path = Images.xcassets; sourceTree = "<group>"; };
		5277CBCD1AEAB52A001F2E3D /* MSTwitterSplashScreenExampleTests.xctest */ = {isa = PBXFileReference; explicitFileType = wrapper.cfbundle; includeInIndex = 0; path = MSTwitterSplashScreenExampleTests.xctest; sourceTree = BUILT_PRODUCTS_DIR; };
		5277CBD21AEAB52A001F2E3D /* Info.plist */ = {isa = PBXFileReference; lastKnownFileType = text.plist.xml; path = Info.plist; sourceTree = "<group>"; };
		5277CBD31AEAB52A001F2E3D /* MSTwitterSplashScreenExampleTests.m */ = {isa = PBXFileReference; lastKnownFileType = sourcecode.c.objc; path = MSTwitterSplashScreenExampleTests.m; sourceTree = "<group>"; };
		5277CBDE1AEAB6EB001F2E3D /* LaunchScreen.xib */ = {isa = PBXFileReference; fileEncoding = 4; lastKnownFileType = file.xib; path = LaunchScreen.xib; sourceTree = "<group>"; };
		5277CBDF1AEAB6EB001F2E3D /* Main.storyboard */ = {isa = PBXFileReference; fileEncoding = 4; lastKnownFileType = file.storyboard; path = Main.storyboard; sourceTree = "<group>"; };
		5277CBE51AEAE0C3001F2E3D /* CoreGraphics.framework */ = {isa = PBXFileReference; lastKnownFileType = wrapper.framework; name = CoreGraphics.framework; path = System/Library/Frameworks/CoreGraphics.framework; sourceTree = SDKROOT; };
		5277CBE71AEAE0CD001F2E3D /* UIKit.framework */ = {isa = PBXFileReference; lastKnownFileType = wrapper.framework; name = UIKit.framework; path = System/Library/Frameworks/UIKit.framework; sourceTree = SDKROOT; };
		5277CBE91AEAE0D8001F2E3D /* Foundation.framework */ = {isa = PBXFileReference; lastKnownFileType = wrapper.framework; name = Foundation.framework; path = System/Library/Frameworks/Foundation.framework; sourceTree = SDKROOT; };
/* End PBXFileReference section */

/* Begin PBXFrameworksBuildPhase section */
		5252DC8C1AEA81B700CB29CE /* Frameworks */ = {
			isa = PBXFrameworksBuildPhase;
			buildActionMask = 2147483647;
			files = (
			);
			runOnlyForDeploymentPostprocessing = 0;
		};
		5252DC971AEA81B700CB29CE /* Frameworks */ = {
			isa = PBXFrameworksBuildPhase;
			buildActionMask = 2147483647;
			files = (
				5252DC9B1AEA81B700CB29CE /* libMSTwitterSplashScreen.a in Frameworks */,
			);
			runOnlyForDeploymentPostprocessing = 0;
		};
		5277CBB21AEAB52A001F2E3D /* Frameworks */ = {
			isa = PBXFrameworksBuildPhase;
			buildActionMask = 2147483647;
			files = (
				5277CBEC1AEAE1D5001F2E3D /* libMSTwitterSplashScreen.a in Frameworks */,
				5277CBEA1AEAE0D8001F2E3D /* Foundation.framework in Frameworks */,
				5277CBE81AEAE0CD001F2E3D /* UIKit.framework in Frameworks */,
				5277CBE61AEAE0C3001F2E3D /* CoreGraphics.framework in Frameworks */,
			);
			runOnlyForDeploymentPostprocessing = 0;
		};
		5277CBCA1AEAB52A001F2E3D /* Frameworks */ = {
			isa = PBXFrameworksBuildPhase;
			buildActionMask = 2147483647;
			files = (
			);
			runOnlyForDeploymentPostprocessing = 0;
		};
/* End PBXFrameworksBuildPhase section */

/* Begin PBXGroup section */
		5252DC861AEA81B700CB29CE = {
			isa = PBXGroup;
			children = (
				5252DC911AEA81B700CB29CE /* MSTwitterSplashScreen */,
				5277CBB61AEAB52A001F2E3D /* MSTwitterSplashScreenExample */,
				5277CBD01AEAB52A001F2E3D /* MSTwitterSplashScreenExampleTests */,
				5252DC9E1AEA81B700CB29CE /* MSTwitterSplashScreenTests */,
				5252DC901AEA81B700CB29CE /* Products */,
				5277CBEB1AEAE105001F2E3D /* Frameworks */,
			);
			sourceTree = "<group>";
		};
		5252DC901AEA81B700CB29CE /* Products */ = {
			isa = PBXGroup;
			children = (
				5252DC8F1AEA81B700CB29CE /* libMSTwitterSplashScreen.a */,
				5252DC9A1AEA81B700CB29CE /* MSTwitterSplashScreenTests.xctest */,
				5277CBB51AEAB52A001F2E3D /* MSTwitterSplashScreenExample.app */,
				5277CBCD1AEAB52A001F2E3D /* MSTwitterSplashScreenExampleTests.xctest */,
			);
			name = Products;
			sourceTree = "<group>";
		};
		5252DC911AEA81B700CB29CE /* MSTwitterSplashScreen */ = {
			isa = PBXGroup;
			children = (
				5252DCAC1AEA822500CB29CE /* MSTwitterSplashScreen.h */,
				5252DCAD1AEA822500CB29CE /* MSTwitterSplashScreen.m */,
			);
			path = MSTwitterSplashScreen;
			sourceTree = "<group>";
		};
		5252DC9E1AEA81B700CB29CE /* MSTwitterSplashScreenTests */ = {
			isa = PBXGroup;
			children = (
				5252DC9F1AEA81B700CB29CE /* Supporting Files */,
			);
			path = MSTwitterSplashScreenTests;
			sourceTree = "<group>";
		};
		5252DC9F1AEA81B700CB29CE /* Supporting Files */ = {
			isa = PBXGroup;
			children = (
				5252DCA01AEA81B700CB29CE /* Info.plist */,
			);
			name = "Supporting Files";
			sourceTree = "<group>";
		};
		5277CBB61AEAB52A001F2E3D /* MSTwitterSplashScreenExample */ = {
			isa = PBXGroup;
			children = (
				5277CBDB1AEAB5AB001F2E3D /* Application */,
				5277CBDC1AEAB5BA001F2E3D /* Resources */,
				5277CBB71AEAB52A001F2E3D /* Supporting Files */,
				5277CBDD1AEAB5CE001F2E3D /* UI */,
			);
			path = MSTwitterSplashScreenExample;
			sourceTree = "<group>";
		};
		5277CBB71AEAB52A001F2E3D /* Supporting Files */ = {
			isa = PBXGroup;
			children = (
				5277CBB81AEAB52A001F2E3D /* Info.plist */,
				5277CBB91AEAB52A001F2E3D /* main.m */,
			);
			path = "Supporting Files";
			sourceTree = "<group>";
		};
		5277CBD01AEAB52A001F2E3D /* MSTwitterSplashScreenExampleTests */ = {
			isa = PBXGroup;
			children = (
				5277CBD31AEAB52A001F2E3D /* MSTwitterSplashScreenExampleTests.m */,
				5277CBD11AEAB52A001F2E3D /* Supporting Files */,
			);
			path = MSTwitterSplashScreenExampleTests;
			sourceTree = "<group>";
		};
		5277CBD11AEAB52A001F2E3D /* Supporting Files */ = {
			isa = PBXGroup;
			children = (
				5277CBD21AEAB52A001F2E3D /* Info.plist */,
			);
			name = "Supporting Files";
			sourceTree = "<group>";
		};
		5277CBDB1AEAB5AB001F2E3D /* Application */ = {
			isa = PBXGroup;
			children = (
				5277CBBB1AEAB52A001F2E3D /* AppDelegate.h */,
				5277CBBC1AEAB52A001F2E3D /* AppDelegate.m */,
			);
			path = Application;
			sourceTree = "<group>";
		};
		5277CBDC1AEAB5BA001F2E3D /* Resources */ = {
			isa = PBXGroup;
			children = (
				5245ADB21AEB1802007A2DA1 /* twitterscreen.jpg */,
				5277CBC41AEAB52A001F2E3D /* Images.xcassets */,
			);
			path = Resources;
			sourceTree = "<group>";
		};
		5277CBDD1AEAB5CE001F2E3D /* UI */ = {
			isa = PBXGroup;
			children = (
				5277CBDE1AEAB6EB001F2E3D /* LaunchScreen.xib */,
				5277CBDF1AEAB6EB001F2E3D /* Main.storyboard */,
				5277CBBE1AEAB52A001F2E3D /* MSTwitterSplashViewController.h */,
				5277CBBF1AEAB52A001F2E3D /* MSTwitterSplashViewController.m */,
				5245ADAF1AEB1661007A2DA1 /* UIBezierPath+LogoShape.h */,
				5245ADB01AEB1661007A2DA1 /* UIBezierPath+LogoShape.m */,
			);
			path = UI;
			sourceTree = "<group>";
		};
		5277CBEB1AEAE105001F2E3D /* Frameworks */ = {
			isa = PBXGroup;
			children = (
				5277CBE91AEAE0D8001F2E3D /* Foundation.framework */,
				5277CBE71AEAE0CD001F2E3D /* UIKit.framework */,
				5277CBE51AEAE0C3001F2E3D /* CoreGraphics.framework */,
			);
			name = Frameworks;
			sourceTree = "<group>";
		};
/* End PBXGroup section */

/* Begin PBXNativeTarget section */
		5252DC8E1AEA81B700CB29CE /* MSTwitterSplashScreen */ = {
			isa = PBXNativeTarget;
			buildConfigurationList = 5252DCA31AEA81B700CB29CE /* Build configuration list for PBXNativeTarget "MSTwitterSplashScreen" */;
			buildPhases = (
				5252DC8B1AEA81B700CB29CE /* Sources */,
				5252DC8C1AEA81B700CB29CE /* Frameworks */,
				5252DC8D1AEA81B700CB29CE /* CopyFiles */,
			);
			buildRules = (
			);
			dependencies = (
			);
			name = MSTwitterSplashScreen;
			productName = MSTwitterSplashScreen;
			productReference = 5252DC8F1AEA81B700CB29CE /* libMSTwitterSplashScreen.a */;
			productType = "com.apple.product-type.library.static";
		};
		5252DC991AEA81B700CB29CE /* MSTwitterSplashScreenTests */ = {
			isa = PBXNativeTarget;
			buildConfigurationList = 5252DCA61AEA81B700CB29CE /* Build configuration list for PBXNativeTarget "MSTwitterSplashScreenTests" */;
			buildPhases = (
				5252DC961AEA81B700CB29CE /* Sources */,
				5252DC971AEA81B700CB29CE /* Frameworks */,
				5252DC981AEA81B700CB29CE /* Resources */,
			);
			buildRules = (
			);
			dependencies = (
				5252DC9D1AEA81B700CB29CE /* PBXTargetDependency */,
			);
			name = MSTwitterSplashScreenTests;
			productName = MSTwitterSplashScreenTests;
			productReference = 5252DC9A1AEA81B700CB29CE /* MSTwitterSplashScreenTests.xctest */;
			productType = "com.apple.product-type.bundle.unit-test";
		};
		5277CBB41AEAB52A001F2E3D /* MSTwitterSplashScreenExample */ = {
			isa = PBXNativeTarget;
			buildConfigurationList = 5277CBD91AEAB52A001F2E3D /* Build configuration list for PBXNativeTarget "MSTwitterSplashScreenExample" */;
			buildPhases = (
				5277CBB11AEAB52A001F2E3D /* Sources */,
				5277CBB21AEAB52A001F2E3D /* Frameworks */,
				5277CBB31AEAB52A001F2E3D /* Resources */,
			);
			buildRules = (
			);
			dependencies = (
			);
			name = MSTwitterSplashScreenExample;
			productName = MSTwitterSplashScreenExample;
			productReference = 5277CBB51AEAB52A001F2E3D /* MSTwitterSplashScreenExample.app */;
			productType = "com.apple.product-type.application";
		};
		5277CBCC1AEAB52A001F2E3D /* MSTwitterSplashScreenExampleTests */ = {
			isa = PBXNativeTarget;
			buildConfigurationList = 5277CBDA1AEAB52A001F2E3D /* Build configuration list for PBXNativeTarget "MSTwitterSplashScreenExampleTests" */;
			buildPhases = (
				5277CBC91AEAB52A001F2E3D /* Sources */,
				5277CBCA1AEAB52A001F2E3D /* Frameworks */,
				5277CBCB1AEAB52A001F2E3D /* Resources */,
			);
			buildRules = (
			);
			dependencies = (
				5277CBCF1AEAB52A001F2E3D /* PBXTargetDependency */,
			);
			name = MSTwitterSplashScreenExampleTests;
			productName = MSTwitterSplashScreenExampleTests;
			productReference = 5277CBCD1AEAB52A001F2E3D /* MSTwitterSplashScreenExampleTests.xctest */;
			productType = "com.apple.product-type.bundle.unit-test";
		};
/* End PBXNativeTarget section */

/* Begin PBXProject section */
		5252DC871AEA81B700CB29CE /* Project object */ = {
			isa = PBXProject;
			attributes = {
				LastUpgradeCheck = 0630;
				ORGANIZATIONNAME = "Mateusz Szklarek";
				TargetAttributes = {
					5252DC8E1AEA81B700CB29CE = {
						CreatedOnToolsVersion = 6.3.1;
					};
					5252DC991AEA81B700CB29CE = {
						CreatedOnToolsVersion = 6.3.1;
					};
					5277CBB41AEAB52A001F2E3D = {
						CreatedOnToolsVersion = 6.3.1;
					};
					5277CBCC1AEAB52A001F2E3D = {
						CreatedOnToolsVersion = 6.3.1;
						TestTargetID = 5277CBB41AEAB52A001F2E3D;
					};
				};
			};
			buildConfigurationList = 5252DC8A1AEA81B700CB29CE /* Build configuration list for PBXProject "MSTwitterSplashScreen" */;
			compatibilityVersion = "Xcode 3.2";
			developmentRegion = English;
			hasScannedForEncodings = 0;
			knownRegions = (
				en,
				Base,
			);
			mainGroup = 5252DC861AEA81B700CB29CE;
			productRefGroup = 5252DC901AEA81B700CB29CE /* Products */;
			projectDirPath = "";
			projectRoot = "";
			targets = (
				5252DC8E1AEA81B700CB29CE /* MSTwitterSplashScreen */,
				5252DC991AEA81B700CB29CE /* MSTwitterSplashScreenTests */,
				5277CBB41AEAB52A001F2E3D /* MSTwitterSplashScreenExample */,
				5277CBCC1AEAB52A001F2E3D /* MSTwitterSplashScreenExampleTests */,
			);
		};
/* End PBXProject section */

/* Begin PBXResourcesBuildPhase section */
		5252DC981AEA81B700CB29CE /* Resources */ = {
			isa = PBXResourcesBuildPhase;
			buildActionMask = 2147483647;
			files = (
			);
			runOnlyForDeploymentPostprocessing = 0;
		};
		5277CBB31AEAB52A001F2E3D /* Resources */ = {
			isa = PBXResourcesBuildPhase;
			buildActionMask = 2147483647;
			files = (
				5277CBE01AEAB6EB001F2E3D /* LaunchScreen.xib in Resources */,
				5277CBE11AEAB6EB001F2E3D /* Main.storyboard in Resources */,
				5277CBC51AEAB52A001F2E3D /* Images.xcassets in Resources */,
				5245ADB31AEB1802007A2DA1 /* twitterscreen.jpg in Resources */,
			);
			runOnlyForDeploymentPostprocessing = 0;
		};
		5277CBCB1AEAB52A001F2E3D /* Resources */ = {
			isa = PBXResourcesBuildPhase;
			buildActionMask = 2147483647;
			files = (
			);
			runOnlyForDeploymentPostprocessing = 0;
		};
/* End PBXResourcesBuildPhase section */

/* Begin PBXSourcesBuildPhase section */
		5252DC8B1AEA81B700CB29CE /* Sources */ = {
			isa = PBXSourcesBuildPhase;
			buildActionMask = 2147483647;
			files = (
				5252DCAE1AEA822500CB29CE /* MSTwitterSplashScreen.m in Sources */,
			);
			runOnlyForDeploymentPostprocessing = 0;
		};
		5252DC961AEA81B700CB29CE /* Sources */ = {
			isa = PBXSourcesBuildPhase;
			buildActionMask = 2147483647;
			files = (
			);
			runOnlyForDeploymentPostprocessing = 0;
		};
		5277CBB11AEAB52A001F2E3D /* Sources */ = {
			isa = PBXSourcesBuildPhase;
			buildActionMask = 2147483647;
			files = (
				5245ADB11AEB1661007A2DA1 /* UIBezierPath+LogoShape.m in Sources */,
				5277CBC01AEAB52A001F2E3D /* MSTwitterSplashViewController.m in Sources */,
				5277CBBD1AEAB52A001F2E3D /* AppDelegate.m in Sources */,
				5277CBBA1AEAB52A001F2E3D /* main.m in Sources */,
			);
			runOnlyForDeploymentPostprocessing = 0;
		};
		5277CBC91AEAB52A001F2E3D /* Sources */ = {
			isa = PBXSourcesBuildPhase;
			buildActionMask = 2147483647;
			files = (
				5277CBD41AEAB52A001F2E3D /* MSTwitterSplashScreenExampleTests.m in Sources */,
			);
			runOnlyForDeploymentPostprocessing = 0;
		};
/* End PBXSourcesBuildPhase section */

/* Begin PBXTargetDependency section */
		5252DC9D1AEA81B700CB29CE /* PBXTargetDependency */ = {
			isa = PBXTargetDependency;
			target = 5252DC8E1AEA81B700CB29CE /* MSTwitterSplashScreen */;
			targetProxy = 5252DC9C1AEA81B700CB29CE /* PBXContainerItemProxy */;
		};
		5277CBCF1AEAB52A001F2E3D /* PBXTargetDependency */ = {
			isa = PBXTargetDependency;
			target = 5277CBB41AEAB52A001F2E3D /* MSTwitterSplashScreenExample */;
			targetProxy = 5277CBCE1AEAB52A001F2E3D /* PBXContainerItemProxy */;
		};
/* End PBXTargetDependency section */

/* Begin XCBuildConfiguration section */
		5252DCA11AEA81B700CB29CE /* Debug */ = {
			isa = XCBuildConfiguration;
			buildSettings = {
				ALWAYS_SEARCH_USER_PATHS = NO;
				CLANG_CXX_LANGUAGE_STANDARD = "gnu++0x";
				CLANG_CXX_LIBRARY = "libc++";
				CLANG_ENABLE_MODULES = YES;
				CLANG_ENABLE_OBJC_ARC = YES;
				CLANG_WARN_BOOL_CONVERSION = YES;
				CLANG_WARN_CONSTANT_CONVERSION = YES;
				CLANG_WARN_DIRECT_OBJC_ISA_USAGE = YES_ERROR;
				CLANG_WARN_EMPTY_BODY = YES;
				CLANG_WARN_ENUM_CONVERSION = YES;
				CLANG_WARN_INT_CONVERSION = YES;
				CLANG_WARN_OBJC_ROOT_CLASS = YES_ERROR;
				CLANG_WARN_UNREACHABLE_CODE = YES;
				CLANG_WARN__DUPLICATE_METHOD_MATCH = YES;
				COPY_PHASE_STRIP = NO;
				DEBUG_INFORMATION_FORMAT = "dwarf-with-dsym";
				ENABLE_STRICT_OBJC_MSGSEND = YES;
				GCC_C_LANGUAGE_STANDARD = gnu99;
				GCC_DYNAMIC_NO_PIC = NO;
				GCC_NO_COMMON_BLOCKS = YES;
				GCC_OPTIMIZATION_LEVEL = 0;
				GCC_PREPROCESSOR_DEFINITIONS = (
					"DEBUG=1",
					"$(inherited)",
				);
				GCC_SYMBOLS_PRIVATE_EXTERN = NO;
				GCC_WARN_64_TO_32_BIT_CONVERSION = YES;
				GCC_WARN_ABOUT_RETURN_TYPE = YES_ERROR;
				GCC_WARN_UNDECLARED_SELECTOR = YES;
				GCC_WARN_UNINITIALIZED_AUTOS = YES_AGGRESSIVE;
				GCC_WARN_UNUSED_FUNCTION = YES;
				GCC_WARN_UNUSED_VARIABLE = YES;
				IPHONEOS_DEPLOYMENT_TARGET = 8.3;
				MTL_ENABLE_DEBUG_INFO = YES;
				ONLY_ACTIVE_ARCH = YES;
				SDKROOT = iphoneos;
			};
			name = Debug;
		};
		5252DCA21AEA81B700CB29CE /* Release */ = {
			isa = XCBuildConfiguration;
			buildSettings = {
				ALWAYS_SEARCH_USER_PATHS = NO;
				CLANG_CXX_LANGUAGE_STANDARD = "gnu++0x";
				CLANG_CXX_LIBRARY = "libc++";
				CLANG_ENABLE_MODULES = YES;
				CLANG_ENABLE_OBJC_ARC = YES;
				CLANG_WARN_BOOL_CONVERSION = YES;
				CLANG_WARN_CONSTANT_CONVERSION = YES;
				CLANG_WARN_DIRECT_OBJC_ISA_USAGE = YES_ERROR;
				CLANG_WARN_EMPTY_BODY = YES;
				CLANG_WARN_ENUM_CONVERSION = YES;
				CLANG_WARN_INT_CONVERSION = YES;
				CLANG_WARN_OBJC_ROOT_CLASS = YES_ERROR;
				CLANG_WARN_UNREACHABLE_CODE = YES;
				CLANG_WARN__DUPLICATE_METHOD_MATCH = YES;
				COPY_PHASE_STRIP = NO;
				DEBUG_INFORMATION_FORMAT = "dwarf-with-dsym";
				ENABLE_NS_ASSERTIONS = NO;
				ENABLE_STRICT_OBJC_MSGSEND = YES;
				GCC_C_LANGUAGE_STANDARD = gnu99;
				GCC_NO_COMMON_BLOCKS = YES;
				GCC_WARN_64_TO_32_BIT_CONVERSION = YES;
				GCC_WARN_ABOUT_RETURN_TYPE = YES_ERROR;
				GCC_WARN_UNDECLARED_SELECTOR = YES;
				GCC_WARN_UNINITIALIZED_AUTOS = YES_AGGRESSIVE;
				GCC_WARN_UNUSED_FUNCTION = YES;
				GCC_WARN_UNUSED_VARIABLE = YES;
				IPHONEOS_DEPLOYMENT_TARGET = 8.3;
				MTL_ENABLE_DEBUG_INFO = NO;
				SDKROOT = iphoneos;
				VALIDATE_PRODUCT = YES;
			};
			name = Release;
		};
		5252DCA41AEA81B700CB29CE /* Debug */ = {
			isa = XCBuildConfiguration;
			buildSettings = {
				OTHER_LDFLAGS = "-ObjC";
				PRODUCT_NAME = "$(TARGET_NAME)";
				SKIP_INSTALL = YES;
			};
			name = Debug;
		};
		5252DCA51AEA81B700CB29CE /* Release */ = {
			isa = XCBuildConfiguration;
			buildSettings = {
				OTHER_LDFLAGS = "-ObjC";
				PRODUCT_NAME = "$(TARGET_NAME)";
				SKIP_INSTALL = YES;
			};
			name = Release;
		};
		5252DCA71AEA81B700CB29CE /* Debug */ = {
			isa = XCBuildConfiguration;
			buildSettings = {
				"CODE_SIGN_IDENTITY[sdk=iphoneos*]" = "iPhone Developer";
				FRAMEWORK_SEARCH_PATHS = (
					"$(SDKROOT)/Developer/Library/Frameworks",
					"$(inherited)",
				);
				GCC_PREPROCESSOR_DEFINITIONS = (
					"DEBUG=1",
					"$(inherited)",
				);
				INFOPLIST_FILE = MSTwitterSplashScreenTests/Info.plist;
				LD_RUNPATH_SEARCH_PATHS = "$(inherited) @executable_path/Frameworks @loader_path/Frameworks";
				PRODUCT_NAME = "$(TARGET_NAME)";
			};
			name = Debug;
		};
		5252DCA81AEA81B700CB29CE /* Release */ = {
			isa = XCBuildConfiguration;
			buildSettings = {
				"CODE_SIGN_IDENTITY[sdk=iphoneos*]" = "iPhone Developer";
				FRAMEWORK_SEARCH_PATHS = (
					"$(SDKROOT)/Developer/Library/Frameworks",
					"$(inherited)",
				);
				INFOPLIST_FILE = MSTwitterSplashScreenTests/Info.plist;
				LD_RUNPATH_SEARCH_PATHS = "$(inherited) @executable_path/Frameworks @loader_path/Frameworks";
				PRODUCT_NAME = "$(TARGET_NAME)";
			};
			name = Release;
		};
		5277CBD51AEAB52A001F2E3D /* Debug */ = {
			isa = XCBuildConfiguration;
			buildSettings = {
				ASSETCATALOG_COMPILER_APPICON_NAME = AppIcon;
				"CODE_SIGN_IDENTITY[sdk=iphoneos*]" = "iPhone Developer";
				GCC_PREPROCESSOR_DEFINITIONS = (
					"DEBUG=1",
					"$(inherited)",
				);
				INFOPLIST_FILE = "$(SRCROOT)/MSTwitterSplashScreenExample/Supporting Files/Info.plist";
				LD_RUNPATH_SEARCH_PATHS = "$(inherited) @executable_path/Frameworks";
				PRODUCT_NAME = "$(TARGET_NAME)";
			};
			name = Debug;
		};
		5277CBD61AEAB52A001F2E3D /* Release */ = {
			isa = XCBuildConfiguration;
			buildSettings = {
				ASSETCATALOG_COMPILER_APPICON_NAME = AppIcon;
				"CODE_SIGN_IDENTITY[sdk=iphoneos*]" = "iPhone Developer";
				INFOPLIST_FILE = "$(SRCROOT)/MSTwitterSplashScreenExample/Supporting Files/Info.plist";
				LD_RUNPATH_SEARCH_PATHS = "$(inherited) @executable_path/Frameworks";
				PRODUCT_NAME = "$(TARGET_NAME)";
			};
			name = Release;
		};
		5277CBD71AEAB52A001F2E3D /* Debug */ = {
			isa = XCBuildConfiguration;
			buildSettings = {
				BUNDLE_LOADER = "$(TEST_HOST)";
				FRAMEWORK_SEARCH_PATHS = (
					"$(SDKROOT)/Developer/Library/Frameworks",
					"$(inherited)",
				);
				GCC_PREPROCESSOR_DEFINITIONS = (
					"DEBUG=1",
					"$(inherited)",
				);
				INFOPLIST_FILE = MSTwitterSplashScreenExampleTests/Info.plist;
				LD_RUNPATH_SEARCH_PATHS = "$(inherited) @executable_path/Frameworks @loader_path/Frameworks";
				PRODUCT_NAME = "$(TARGET_NAME)";
				TEST_HOST = "$(BUILT_PRODUCTS_DIR)/MSTwitterSplashScreenExample.app/MSTwitterSplashScreenExample";
			};
			name = Debug;
		};
		5277CBD81AEAB52A001F2E3D /* Release */ = {
			isa = XCBuildConfiguration;
			buildSettings = {
				BUNDLE_LOADER = "$(TEST_HOST)";
				FRAMEWORK_SEARCH_PATHS = (
					"$(SDKROOT)/Developer/Library/Frameworks",
					"$(inherited)",
				);
				INFOPLIST_FILE = MSTwitterSplashScreenExampleTests/Info.plist;
				LD_RUNPATH_SEARCH_PATHS = "$(inherited) @executable_path/Frameworks @loader_path/Frameworks";
				PRODUCT_NAME = "$(TARGET_NAME)";
				TEST_HOST = "$(BUILT_PRODUCTS_DIR)/MSTwitterSplashScreenExample.app/MSTwitterSplashScreenExample";
			};
			name = Release;
		};
/* End XCBuildConfiguration section */

/* Begin XCConfigurationList section */
		5252DC8A1AEA81B700CB29CE /* Build configuration list for PBXProject "MSTwitterSplashScreen" */ = {
			isa = XCConfigurationList;
			buildConfigurations = (
				5252DCA11AEA81B700CB29CE /* Debug */,
				5252DCA21AEA81B700CB29CE /* Release */,
			);
			defaultConfigurationIsVisible = 0;
			defaultConfigurationName = Release;
		};
		5252DCA31AEA81B700CB29CE /* Build configuration list for PBXNativeTarget "MSTwitterSplashScreen" */ = {
			isa = XCConfigurationList;
			buildConfigurations = (
				5252DCA41AEA81B700CB29CE /* Debug */,
				5252DCA51AEA81B700CB29CE /* Release */,
			);
			defaultConfigurationIsVisible = 0;
			defaultConfigurationName = Release;
		};
		5252DCA61AEA81B700CB29CE /* Build configuration list for PBXNativeTarget "MSTwitterSplashScreenTests" */ = {
			isa = XCConfigurationList;
			buildConfigurations = (
				5252DCA71AEA81B700CB29CE /* Debug */,
				5252DCA81AEA81B700CB29CE /* Release */,
			);
			defaultConfigurationIsVisible = 0;
			defaultConfigurationName = Release;
		};
		5277CBD91AEAB52A001F2E3D /* Build configuration list for PBXNativeTarget "MSTwitterSplashScreenExample" */ = {
			isa = XCConfigurationList;
			buildConfigurations = (
				5277CBD51AEAB52A001F2E3D /* Debug */,
				5277CBD61AEAB52A001F2E3D /* Release */,
			);
			defaultConfigurationIsVisible = 0;
			defaultConfigurationName = Release;
		};
		5277CBDA1AEAB52A001F2E3D /* Build configuration list for PBXNativeTarget "MSTwitterSplashScreenExampleTests" */ = {
			isa = XCConfigurationList;
			buildConfigurations = (
				5277CBD71AEAB52A001F2E3D /* Debug */,
				5277CBD81AEAB52A001F2E3D /* Release */,
			);
			defaultConfigurationIsVisible = 0;
			defaultConfigurationName = Release;
		};
/* End XCConfigurationList section */
	};
	rootObject = 5252DC871AEA81B700CB29CE /* Project object */;
}
